// !$*UTF8*$!
{
	archiveVersion = 1;
	classes = {
	};
	objectVersion = 56;
	objects = {

/* Begin PBXBuildFile section */
		DE372B812AA30B7100564E40 /* AppDelegate.swift in Sources */ = {isa = PBXBuildFile; fileRef = DE372B802AA30B7100564E40 /* AppDelegate.swift */; };
		DE372B832AA30B7100564E40 /* SceneDelegate.swift in Sources */ = {isa = PBXBuildFile; fileRef = DE372B822AA30B7100564E40 /* SceneDelegate.swift */; };
		DE372B8A2AA30B7200564E40 /* Assets.xcassets in Resources */ = {isa = PBXBuildFile; fileRef = DE372B892AA30B7200564E40 /* Assets.xcassets */; };
		DE372B8D2AA30B7200564E40 /* LaunchScreen.storyboard in Resources */ = {isa = PBXBuildFile; fileRef = DE372B8B2AA30B7200564E40 /* LaunchScreen.storyboard */; };
		DE372B9C2AA30E9700564E40 /* AppRootRouter.swift in Sources */ = {isa = PBXBuildFile; fileRef = DE372B982AA30E9700564E40 /* AppRootRouter.swift */; };
		DE372B9D2AA30E9700564E40 /* RootTabBarController.swift in Sources */ = {isa = PBXBuildFile; fileRef = DE372B992AA30E9700564E40 /* RootTabBarController.swift */; };
		DE372B9E2AA30E9700564E40 /* AppRootBuilder.swift in Sources */ = {isa = PBXBuildFile; fileRef = DE372B9A2AA30E9700564E40 /* AppRootBuilder.swift */; };
		DE372B9F2AA30E9700564E40 /* AppRootInteractor.swift in Sources */ = {isa = PBXBuildFile; fileRef = DE372B9B2AA30E9700564E40 /* AppRootInteractor.swift */; };
		DE372BA12AA30F4600564E40 /* AppComponent.swift in Sources */ = {isa = PBXBuildFile; fileRef = DE372BA02AA30F4600564E40 /* AppComponent.swift */; };
		DE372BA42AA30FAA00564E40 /* ModernRIBs in Frameworks */ = {isa = PBXBuildFile; productRef = DE372BA32AA30FAA00564E40 /* ModernRIBs */; };
		DE372BA92AA314F800564E40 /* AppRootComponent.swift in Sources */ = {isa = PBXBuildFile; fileRef = DE372BA82AA314F800564E40 /* AppRootComponent.swift */; };
		DE372BB22AA5EFF300564E40 /* CommentRouter.swift in Sources */ = {isa = PBXBuildFile; fileRef = DE372BAE2AA5EFF300564E40 /* CommentRouter.swift */; };
		DE372BB32AA5EFF300564E40 /* CommentViewController.swift in Sources */ = {isa = PBXBuildFile; fileRef = DE372BAF2AA5EFF300564E40 /* CommentViewController.swift */; };
		DE372BB42AA5EFF300564E40 /* CommentBuilder.swift in Sources */ = {isa = PBXBuildFile; fileRef = DE372BB02AA5EFF300564E40 /* CommentBuilder.swift */; };
		DE372BB52AA5EFF300564E40 /* CommentInteractor.swift in Sources */ = {isa = PBXBuildFile; fileRef = DE372BB12AA5EFF300564E40 /* CommentInteractor.swift */; };
		DE372BBA2AA5F00500564E40 /* FavoriteRouter.swift in Sources */ = {isa = PBXBuildFile; fileRef = DE372BB62AA5F00500564E40 /* FavoriteRouter.swift */; };
		DE372BBB2AA5F00500564E40 /* FavoriteViewController.swift in Sources */ = {isa = PBXBuildFile; fileRef = DE372BB72AA5F00500564E40 /* FavoriteViewController.swift */; };
		DE372BBC2AA5F00500564E40 /* FavoriteBuilder.swift in Sources */ = {isa = PBXBuildFile; fileRef = DE372BB82AA5F00500564E40 /* FavoriteBuilder.swift */; };
		DE372BBD2AA5F00500564E40 /* FavoriteInteractor.swift in Sources */ = {isa = PBXBuildFile; fileRef = DE372BB92AA5F00500564E40 /* FavoriteInteractor.swift */; };
		DE372BC22AA5F01900564E40 /* ListRouter.swift in Sources */ = {isa = PBXBuildFile; fileRef = DE372BBE2AA5F01900564E40 /* ListRouter.swift */; };
		DE372BC32AA5F01900564E40 /* ListViewController.swift in Sources */ = {isa = PBXBuildFile; fileRef = DE372BBF2AA5F01900564E40 /* ListViewController.swift */; };
		DE372BC42AA5F01900564E40 /* ListBuilder.swift in Sources */ = {isa = PBXBuildFile; fileRef = DE372BC02AA5F01900564E40 /* ListBuilder.swift */; };
		DE372BC52AA5F01900564E40 /* ListInteractor.swift in Sources */ = {isa = PBXBuildFile; fileRef = DE372BC12AA5F01900564E40 /* ListInteractor.swift */; };
		DE372BC82AA5F3D900564E40 /* NavigationControllable.swift in Sources */ = {isa = PBXBuildFile; fileRef = DE372BC72AA5F3D900564E40 /* NavigationControllable.swift */; };
/* End PBXBuildFile section */

/* Begin PBXFileReference section */
		DE372B7D2AA30B7100564E40 /* Movie+RIBs.app */ = {isa = PBXFileReference; explicitFileType = wrapper.application; includeInIndex = 0; path = "Movie+RIBs.app"; sourceTree = BUILT_PRODUCTS_DIR; };
		DE372B802AA30B7100564E40 /* AppDelegate.swift */ = {isa = PBXFileReference; lastKnownFileType = sourcecode.swift; path = AppDelegate.swift; sourceTree = "<group>"; };
		DE372B822AA30B7100564E40 /* SceneDelegate.swift */ = {isa = PBXFileReference; lastKnownFileType = sourcecode.swift; path = SceneDelegate.swift; sourceTree = "<group>"; };
		DE372B892AA30B7200564E40 /* Assets.xcassets */ = {isa = PBXFileReference; lastKnownFileType = folder.assetcatalog; path = Assets.xcassets; sourceTree = "<group>"; };
		DE372B8C2AA30B7200564E40 /* Base */ = {isa = PBXFileReference; lastKnownFileType = file.storyboard; name = Base; path = Base.lproj/LaunchScreen.storyboard; sourceTree = "<group>"; };
		DE372B8E2AA30B7200564E40 /* Info.plist */ = {isa = PBXFileReference; lastKnownFileType = text.plist.xml; path = Info.plist; sourceTree = "<group>"; };
		DE372B982AA30E9700564E40 /* AppRootRouter.swift */ = {isa = PBXFileReference; lastKnownFileType = sourcecode.swift; path = AppRootRouter.swift; sourceTree = "<group>"; };
		DE372B992AA30E9700564E40 /* RootTabBarController.swift */ = {isa = PBXFileReference; lastKnownFileType = sourcecode.swift; path = RootTabBarController.swift; sourceTree = "<group>"; };
		DE372B9A2AA30E9700564E40 /* AppRootBuilder.swift */ = {isa = PBXFileReference; lastKnownFileType = sourcecode.swift; path = AppRootBuilder.swift; sourceTree = "<group>"; };
		DE372B9B2AA30E9700564E40 /* AppRootInteractor.swift */ = {isa = PBXFileReference; lastKnownFileType = sourcecode.swift; path = AppRootInteractor.swift; sourceTree = "<group>"; };
		DE372BA02AA30F4600564E40 /* AppComponent.swift */ = {isa = PBXFileReference; lastKnownFileType = sourcecode.swift; path = AppComponent.swift; sourceTree = "<group>"; };
		DE372BA82AA314F800564E40 /* AppRootComponent.swift */ = {isa = PBXFileReference; lastKnownFileType = sourcecode.swift; path = AppRootComponent.swift; sourceTree = "<group>"; };
		DE372BAE2AA5EFF300564E40 /* CommentRouter.swift */ = {isa = PBXFileReference; lastKnownFileType = sourcecode.swift; path = CommentRouter.swift; sourceTree = "<group>"; };
		DE372BAF2AA5EFF300564E40 /* CommentViewController.swift */ = {isa = PBXFileReference; lastKnownFileType = sourcecode.swift; path = CommentViewController.swift; sourceTree = "<group>"; };
		DE372BB02AA5EFF300564E40 /* CommentBuilder.swift */ = {isa = PBXFileReference; lastKnownFileType = sourcecode.swift; path = CommentBuilder.swift; sourceTree = "<group>"; };
		DE372BB12AA5EFF300564E40 /* CommentInteractor.swift */ = {isa = PBXFileReference; lastKnownFileType = sourcecode.swift; path = CommentInteractor.swift; sourceTree = "<group>"; };
		DE372BB62AA5F00500564E40 /* FavoriteRouter.swift */ = {isa = PBXFileReference; lastKnownFileType = sourcecode.swift; path = FavoriteRouter.swift; sourceTree = "<group>"; };
		DE372BB72AA5F00500564E40 /* FavoriteViewController.swift */ = {isa = PBXFileReference; lastKnownFileType = sourcecode.swift; path = FavoriteViewController.swift; sourceTree = "<group>"; };
		DE372BB82AA5F00500564E40 /* FavoriteBuilder.swift */ = {isa = PBXFileReference; lastKnownFileType = sourcecode.swift; path = FavoriteBuilder.swift; sourceTree = "<group>"; };
		DE372BB92AA5F00500564E40 /* FavoriteInteractor.swift */ = {isa = PBXFileReference; lastKnownFileType = sourcecode.swift; path = FavoriteInteractor.swift; sourceTree = "<group>"; };
		DE372BBE2AA5F01900564E40 /* ListRouter.swift */ = {isa = PBXFileReference; lastKnownFileType = sourcecode.swift; path = ListRouter.swift; sourceTree = "<group>"; };
		DE372BBF2AA5F01900564E40 /* ListViewController.swift */ = {isa = PBXFileReference; lastKnownFileType = sourcecode.swift; path = ListViewController.swift; sourceTree = "<group>"; };
		DE372BC02AA5F01900564E40 /* ListBuilder.swift */ = {isa = PBXFileReference; lastKnownFileType = sourcecode.swift; path = ListBuilder.swift; sourceTree = "<group>"; };
		DE372BC12AA5F01900564E40 /* ListInteractor.swift */ = {isa = PBXFileReference; lastKnownFileType = sourcecode.swift; path = ListInteractor.swift; sourceTree = "<group>"; };
		DE372BC72AA5F3D900564E40 /* NavigationControllable.swift */ = {isa = PBXFileReference; lastKnownFileType = sourcecode.swift; path = NavigationControllable.swift; sourceTree = "<group>"; };
/* End PBXFileReference section */

/* Begin PBXFrameworksBuildPhase section */
		DE372B7A2AA30B7100564E40 /* Frameworks */ = {
			isa = PBXFrameworksBuildPhase;
			buildActionMask = 2147483647;
			files = (
				DE372BA42AA30FAA00564E40 /* ModernRIBs in Frameworks */,
			);
			runOnlyForDeploymentPostprocessing = 0;
		};
/* End PBXFrameworksBuildPhase section */

/* Begin PBXGroup section */
		DE372B742AA30B7100564E40 = {
			isa = PBXGroup;
			children = (
				DE372B7F2AA30B7100564E40 /* Movie+RIBs */,
				DE372B7E2AA30B7100564E40 /* Products */,
			);
			sourceTree = "<group>";
		};
		DE372B7E2AA30B7100564E40 /* Products */ = {
			isa = PBXGroup;
			children = (
				DE372B7D2AA30B7100564E40 /* Movie+RIBs.app */,
			);
			name = Products;
			sourceTree = "<group>";
		};
		DE372B7F2AA30B7100564E40 /* Movie+RIBs */ = {
			isa = PBXGroup;
			children = (
				DE372B892AA30B7200564E40 /* Assets.xcassets */,
				DE372B8E2AA30B7200564E40 /* Info.plist */,
				DE372B8B2AA30B7200564E40 /* LaunchScreen.storyboard */,
				DE372B942AA30E1300564E40 /* AppDelegate */,
				DE372BC62AA5F3C900564E40 /* Utils */,
				DE372B962AA30E6700564E40 /* AppRoot */,
				DE372BAC2AA5EFC400564E40 /* Comment */,
				DE372BAB2AA5EFA300564E40 /* Favorite */,
				DE372BAA2AA5EF5700564E40 /* List */,
			);
			path = "Movie+RIBs";
			sourceTree = "<group>";
		};
		DE372B942AA30E1300564E40 /* AppDelegate */ = {
			isa = PBXGroup;
			children = (
				DE372B802AA30B7100564E40 /* AppDelegate.swift */,
				DE372BA02AA30F4600564E40 /* AppComponent.swift */,
				DE372B822AA30B7100564E40 /* SceneDelegate.swift */,
			);
			path = AppDelegate;
			sourceTree = "<group>";
		};
		DE372B962AA30E6700564E40 /* AppRoot */ = {
			isa = PBXGroup;
			children = (
				DE372B982AA30E9700564E40 /* AppRootRouter.swift */,
				DE372B992AA30E9700564E40 /* RootTabBarController.swift */,
				DE372B9A2AA30E9700564E40 /* AppRootBuilder.swift */,
				DE372BA82AA314F800564E40 /* AppRootComponent.swift */,
				DE372B9B2AA30E9700564E40 /* AppRootInteractor.swift */,
			);
			path = AppRoot;
			sourceTree = "<group>";
		};
		DE372BAA2AA5EF5700564E40 /* List */ = {
			isa = PBXGroup;
			children = (
				DE372BBE2AA5F01900564E40 /* ListRouter.swift */,
				DE372BBF2AA5F01900564E40 /* ListViewController.swift */,
				DE372BC02AA5F01900564E40 /* ListBuilder.swift */,
				DE372BC12AA5F01900564E40 /* ListInteractor.swift */,
			);
			path = List;
			sourceTree = "<group>";
		};
		DE372BAB2AA5EFA300564E40 /* Favorite */ = {
			isa = PBXGroup;
			children = (
				DE372BB62AA5F00500564E40 /* FavoriteRouter.swift */,
				DE372BB72AA5F00500564E40 /* FavoriteViewController.swift */,
				DE372BB82AA5F00500564E40 /* FavoriteBuilder.swift */,
				DE372BB92AA5F00500564E40 /* FavoriteInteractor.swift */,
			);
			path = Favorite;
			sourceTree = "<group>";
		};
		DE372BAC2AA5EFC400564E40 /* Comment */ = {
			isa = PBXGroup;
			children = (
				DE372BAE2AA5EFF300564E40 /* CommentRouter.swift */,
				DE372BAF2AA5EFF300564E40 /* CommentViewController.swift */,
				DE372BB02AA5EFF300564E40 /* CommentBuilder.swift */,
				DE372BB12AA5EFF300564E40 /* CommentInteractor.swift */,
			);
			path = Comment;
			sourceTree = "<group>";
		};
		DE372BC62AA5F3C900564E40 /* Utils */ = {
			isa = PBXGroup;
			children = (
				DE372BC72AA5F3D900564E40 /* NavigationControllable.swift */,
			);
			path = Utils;
			sourceTree = "<group>";
		};
/* End PBXGroup section */

/* Begin PBXNativeTarget section */
		DE372B7C2AA30B7100564E40 /* Movie+RIBs */ = {
			isa = PBXNativeTarget;
			buildConfigurationList = DE372B912AA30B7200564E40 /* Build configuration list for PBXNativeTarget "Movie+RIBs" */;
			buildPhases = (
				DE372B792AA30B7100564E40 /* Sources */,
				DE372B7A2AA30B7100564E40 /* Frameworks */,
				DE372B7B2AA30B7100564E40 /* Resources */,
			);
			buildRules = (
			);
			dependencies = (
			);
			name = "Movie+RIBs";
			packageProductDependencies = (
				DE372BA32AA30FAA00564E40 /* ModernRIBs */,
			);
			productName = "Movie+RIBs";
			productReference = DE372B7D2AA30B7100564E40 /* Movie+RIBs.app */;
			productType = "com.apple.product-type.application";
		};
/* End PBXNativeTarget section */

/* Begin PBXProject section */
		DE372B752AA30B7100564E40 /* Project object */ = {
			isa = PBXProject;
			attributes = {
				BuildIndependentTargetsInParallel = 1;
				LastSwiftUpdateCheck = 1430;
				LastUpgradeCheck = 1430;
				TargetAttributes = {
					DE372B7C2AA30B7100564E40 = {
						CreatedOnToolsVersion = 14.3;
					};
				};
			};
			buildConfigurationList = DE372B782AA30B7100564E40 /* Build configuration list for PBXProject "Movie+RIBs" */;
			compatibilityVersion = "Xcode 14.0";
			developmentRegion = en;
			hasScannedForEncodings = 0;
			knownRegions = (
				en,
				Base,
			);
			mainGroup = DE372B742AA30B7100564E40;
			packageReferences = (
				DE372BA22AA30FA900564E40 /* XCRemoteSwiftPackageReference "ModernRIBs" */,
			);
			productRefGroup = DE372B7E2AA30B7100564E40 /* Products */;
			projectDirPath = "";
			projectRoot = "";
			targets = (
				DE372B7C2AA30B7100564E40 /* Movie+RIBs */,
			);
		};
/* End PBXProject section */

/* Begin PBXResourcesBuildPhase section */
		DE372B7B2AA30B7100564E40 /* Resources */ = {
			isa = PBXResourcesBuildPhase;
			buildActionMask = 2147483647;
			files = (
				DE372B8D2AA30B7200564E40 /* LaunchScreen.storyboard in Resources */,
				DE372B8A2AA30B7200564E40 /* Assets.xcassets in Resources */,
			);
			runOnlyForDeploymentPostprocessing = 0;
		};
/* End PBXResourcesBuildPhase section */

/* Begin PBXSourcesBuildPhase section */
		DE372B792AA30B7100564E40 /* Sources */ = {
			isa = PBXSourcesBuildPhase;
			buildActionMask = 2147483647;
			files = (
				DE372BBC2AA5F00500564E40 /* FavoriteBuilder.swift in Sources */,
				DE372BC22AA5F01900564E40 /* ListRouter.swift in Sources */,
				DE372BC42AA5F01900564E40 /* ListBuilder.swift in Sources */,
				DE372BB32AA5EFF300564E40 /* CommentViewController.swift in Sources */,
				DE372BB42AA5EFF300564E40 /* CommentBuilder.swift in Sources */,
				DE372B9E2AA30E9700564E40 /* AppRootBuilder.swift in Sources */,
				DE372BB22AA5EFF300564E40 /* CommentRouter.swift in Sources */,
				DE372BBA2AA5F00500564E40 /* FavoriteRouter.swift in Sources */,
				DE372BB52AA5EFF300564E40 /* CommentInteractor.swift in Sources */,
				DE372BC82AA5F3D900564E40 /* NavigationControllable.swift in Sources */,
				DE372BA92AA314F800564E40 /* AppRootComponent.swift in Sources */,
				DE372BC52AA5F01900564E40 /* ListInteractor.swift in Sources */,
				DE372B812AA30B7100564E40 /* AppDelegate.swift in Sources */,
				DE372BA12AA30F4600564E40 /* AppComponent.swift in Sources */,
				DE372B9F2AA30E9700564E40 /* AppRootInteractor.swift in Sources */,
				DE372BBB2AA5F00500564E40 /* FavoriteViewController.swift in Sources */,
				DE372B832AA30B7100564E40 /* SceneDelegate.swift in Sources */,
				DE372BC32AA5F01900564E40 /* ListViewController.swift in Sources */,
				DE372B9D2AA30E9700564E40 /* RootTabBarController.swift in Sources */,
				DE372BBD2AA5F00500564E40 /* FavoriteInteractor.swift in Sources */,
				DE372B9C2AA30E9700564E40 /* AppRootRouter.swift in Sources */,
			);
			runOnlyForDeploymentPostprocessing = 0;
		};
/* End PBXSourcesBuildPhase section */

/* Begin PBXVariantGroup section */
		DE372B8B2AA30B7200564E40 /* LaunchScreen.storyboard */ = {
			isa = PBXVariantGroup;
			children = (
				DE372B8C2AA30B7200564E40 /* Base */,
			);
			name = LaunchScreen.storyboard;
			sourceTree = "<group>";
		};
/* End PBXVariantGroup section */

/* Begin XCBuildConfiguration section */
		DE372B8F2AA30B7200564E40 /* Debug */ = {
			isa = XCBuildConfiguration;
			buildSettings = {
				ALWAYS_SEARCH_USER_PATHS = NO;
				CLANG_ANALYZER_NONNULL = YES;
				CLANG_ANALYZER_NUMBER_OBJECT_CONVERSION = YES_AGGRESSIVE;
				CLANG_CXX_LANGUAGE_STANDARD = "gnu++20";
				CLANG_ENABLE_MODULES = YES;
				CLANG_ENABLE_OBJC_ARC = YES;
				CLANG_ENABLE_OBJC_WEAK = YES;
				CLANG_WARN_BLOCK_CAPTURE_AUTORELEASING = YES;
				CLANG_WARN_BOOL_CONVERSION = YES;
				CLANG_WARN_COMMA = YES;
				CLANG_WARN_CONSTANT_CONVERSION = YES;
				CLANG_WARN_DEPRECATED_OBJC_IMPLEMENTATIONS = YES;
				CLANG_WARN_DIRECT_OBJC_ISA_USAGE = YES_ERROR;
				CLANG_WARN_DOCUMENTATION_COMMENTS = YES;
				CLANG_WARN_EMPTY_BODY = YES;
				CLANG_WARN_ENUM_CONVERSION = YES;
				CLANG_WARN_INFINITE_RECURSION = YES;
				CLANG_WARN_INT_CONVERSION = YES;
				CLANG_WARN_NON_LITERAL_NULL_CONVERSION = YES;
				CLANG_WARN_OBJC_IMPLICIT_RETAIN_SELF = YES;
				CLANG_WARN_OBJC_LITERAL_CONVERSION = YES;
				CLANG_WARN_OBJC_ROOT_CLASS = YES_ERROR;
				CLANG_WARN_QUOTED_INCLUDE_IN_FRAMEWORK_HEADER = YES;
				CLANG_WARN_RANGE_LOOP_ANALYSIS = YES;
				CLANG_WARN_STRICT_PROTOTYPES = YES;
				CLANG_WARN_SUSPICIOUS_MOVE = YES;
				CLANG_WARN_UNGUARDED_AVAILABILITY = YES_AGGRESSIVE;
				CLANG_WARN_UNREACHABLE_CODE = YES;
				CLANG_WARN__DUPLICATE_METHOD_MATCH = YES;
				COPY_PHASE_STRIP = NO;
				DEBUG_INFORMATION_FORMAT = dwarf;
				ENABLE_STRICT_OBJC_MSGSEND = YES;
				ENABLE_TESTABILITY = YES;
				GCC_C_LANGUAGE_STANDARD = gnu11;
				GCC_DYNAMIC_NO_PIC = NO;
				GCC_NO_COMMON_BLOCKS = YES;
				GCC_OPTIMIZATION_LEVEL = 0;
				GCC_PREPROCESSOR_DEFINITIONS = (
					"DEBUG=1",
					"$(inherited)",
				);
				GCC_WARN_64_TO_32_BIT_CONVERSION = YES;
				GCC_WARN_ABOUT_RETURN_TYPE = YES_ERROR;
				GCC_WARN_UNDECLARED_SELECTOR = YES;
				GCC_WARN_UNINITIALIZED_AUTOS = YES_AGGRESSIVE;
				GCC_WARN_UNUSED_FUNCTION = YES;
				GCC_WARN_UNUSED_VARIABLE = YES;
				IPHONEOS_DEPLOYMENT_TARGET = 13.0;
				MTL_ENABLE_DEBUG_INFO = INCLUDE_SOURCE;
				MTL_FAST_MATH = YES;
				ONLY_ACTIVE_ARCH = YES;
				SDKROOT = iphoneos;
				SWIFT_ACTIVE_COMPILATION_CONDITIONS = DEBUG;
				SWIFT_OPTIMIZATION_LEVEL = "-Onone";
			};
			name = Debug;
		};
		DE372B902AA30B7200564E40 /* Release */ = {
			isa = XCBuildConfiguration;
			buildSettings = {
				ALWAYS_SEARCH_USER_PATHS = NO;
				CLANG_ANALYZER_NONNULL = YES;
				CLANG_ANALYZER_NUMBER_OBJECT_CONVERSION = YES_AGGRESSIVE;
				CLANG_CXX_LANGUAGE_STANDARD = "gnu++20";
				CLANG_ENABLE_MODULES = YES;
				CLANG_ENABLE_OBJC_ARC = YES;
				CLANG_ENABLE_OBJC_WEAK = YES;
				CLANG_WARN_BLOCK_CAPTURE_AUTORELEASING = YES;
				CLANG_WARN_BOOL_CONVERSION = YES;
				CLANG_WARN_COMMA = YES;
				CLANG_WARN_CONSTANT_CONVERSION = YES;
				CLANG_WARN_DEPRECATED_OBJC_IMPLEMENTATIONS = YES;
				CLANG_WARN_DIRECT_OBJC_ISA_USAGE = YES_ERROR;
				CLANG_WARN_DOCUMENTATION_COMMENTS = YES;
				CLANG_WARN_EMPTY_BODY = YES;
				CLANG_WARN_ENUM_CONVERSION = YES;
				CLANG_WARN_INFINITE_RECURSION = YES;
				CLANG_WARN_INT_CONVERSION = YES;
				CLANG_WARN_NON_LITERAL_NULL_CONVERSION = YES;
				CLANG_WARN_OBJC_IMPLICIT_RETAIN_SELF = YES;
				CLANG_WARN_OBJC_LITERAL_CONVERSION = YES;
				CLANG_WARN_OBJC_ROOT_CLASS = YES_ERROR;
				CLANG_WARN_QUOTED_INCLUDE_IN_FRAMEWORK_HEADER = YES;
				CLANG_WARN_RANGE_LOOP_ANALYSIS = YES;
				CLANG_WARN_STRICT_PROTOTYPES = YES;
				CLANG_WARN_SUSPICIOUS_MOVE = YES;
				CLANG_WARN_UNGUARDED_AVAILABILITY = YES_AGGRESSIVE;
				CLANG_WARN_UNREACHABLE_CODE = YES;
				CLANG_WARN__DUPLICATE_METHOD_MATCH = YES;
				COPY_PHASE_STRIP = NO;
				DEBUG_INFORMATION_FORMAT = "dwarf-with-dsym";
				ENABLE_NS_ASSERTIONS = NO;
				ENABLE_STRICT_OBJC_MSGSEND = YES;
				GCC_C_LANGUAGE_STANDARD = gnu11;
				GCC_NO_COMMON_BLOCKS = YES;
				GCC_WARN_64_TO_32_BIT_CONVERSION = YES;
				GCC_WARN_ABOUT_RETURN_TYPE = YES_ERROR;
				GCC_WARN_UNDECLARED_SELECTOR = YES;
				GCC_WARN_UNINITIALIZED_AUTOS = YES_AGGRESSIVE;
				GCC_WARN_UNUSED_FUNCTION = YES;
				GCC_WARN_UNUSED_VARIABLE = YES;
				IPHONEOS_DEPLOYMENT_TARGET = 13.0;
				MTL_ENABLE_DEBUG_INFO = NO;
				MTL_FAST_MATH = YES;
				SDKROOT = iphoneos;
				SWIFT_COMPILATION_MODE = wholemodule;
				SWIFT_OPTIMIZATION_LEVEL = "-O";
				VALIDATE_PRODUCT = YES;
			};
			name = Release;
		};
		DE372B922AA30B7200564E40 /* Debug */ = {
			isa = XCBuildConfiguration;
			buildSettings = {
				ASSETCATALOG_COMPILER_APPICON_NAME = AppIcon;
				ASSETCATALOG_COMPILER_GLOBAL_ACCENT_COLOR_NAME = AccentColor;
				CODE_SIGN_STYLE = Automatic;
				CURRENT_PROJECT_VERSION = 1;
				DEVELOPMENT_TEAM = FA464JRW3F;
				GENERATE_INFOPLIST_FILE = YES;
				INFOPLIST_FILE = "Movie+RIBs/Info.plist";
				INFOPLIST_KEY_UIApplicationSupportsIndirectInputEvents = YES;
				INFOPLIST_KEY_UILaunchStoryboardName = LaunchScreen;
				INFOPLIST_KEY_UIMainStoryboardFile = "";
				INFOPLIST_KEY_UISupportedInterfaceOrientations_iPad = "UIInterfaceOrientationPortrait UIInterfaceOrientationPortraitUpsideDown UIInterfaceOrientationLandscapeLeft UIInterfaceOrientationLandscapeRight";
				INFOPLIST_KEY_UISupportedInterfaceOrientations_iPhone = "UIInterfaceOrientationPortrait UIInterfaceOrientationLandscapeLeft UIInterfaceOrientationLandscapeRight";
				IPHONEOS_DEPLOYMENT_TARGET = 13.0;
				LD_RUNPATH_SEARCH_PATHS = (
					"$(inherited)",
					"@executable_path/Frameworks",
				);
				MARKETING_VERSION = 1.0;
				PRODUCT_BUNDLE_IDENTIFIER = "com.hojoon.Movie-RIBs";
				PRODUCT_NAME = "$(TARGET_NAME)";
				SWIFT_EMIT_LOC_STRINGS = YES;
				SWIFT_VERSION = 5.0;
				TARGETED_DEVICE_FAMILY = "1,2";
			};
			name = Debug;
		};
		DE372B932AA30B7200564E40 /* Release */ = {
			isa = XCBuildConfiguration;
			buildSettings = {
				ASSETCATALOG_COMPILER_APPICON_NAME = AppIcon;
				ASSETCATALOG_COMPILER_GLOBAL_ACCENT_COLOR_NAME = AccentColor;
				CODE_SIGN_STYLE = Automatic;
				CURRENT_PROJECT_VERSION = 1;
				DEVELOPMENT_TEAM = FA464JRW3F;
				GENERATE_INFOPLIST_FILE = YES;
				INFOPLIST_FILE = "Movie+RIBs/Info.plist";
				INFOPLIST_KEY_UIApplicationSupportsIndirectInputEvents = YES;
				INFOPLIST_KEY_UILaunchStoryboardName = LaunchScreen;
				INFOPLIST_KEY_UIMainStoryboardFile = "";
				INFOPLIST_KEY_UISupportedInterfaceOrientations_iPad = "UIInterfaceOrientationPortrait UIInterfaceOrientationPortraitUpsideDown UIInterfaceOrientationLandscapeLeft UIInterfaceOrientationLandscapeRight";
				INFOPLIST_KEY_UISupportedInterfaceOrientations_iPhone = "UIInterfaceOrientationPortrait UIInterfaceOrientationLandscapeLeft UIInterfaceOrientationLandscapeRight";
				IPHONEOS_DEPLOYMENT_TARGET = 13.0;
				LD_RUNPATH_SEARCH_PATHS = (
					"$(inherited)",
					"@executable_path/Frameworks",
				);
				MARKETING_VERSION = 1.0;
				PRODUCT_BUNDLE_IDENTIFIER = "com.hojoon.Movie-RIBs";
				PRODUCT_NAME = "$(TARGET_NAME)";
				SWIFT_EMIT_LOC_STRINGS = YES;
				SWIFT_VERSION = 5.0;
				TARGETED_DEVICE_FAMILY = "1,2";
			};
			name = Release;
		};
/* End XCBuildConfiguration section */

/* Begin XCConfigurationList section */
		DE372B782AA30B7100564E40 /* Build configuration list for PBXProject "Movie+RIBs" */ = {
			isa = XCConfigurationList;
			buildConfigurations = (
				DE372B8F2AA30B7200564E40 /* Debug */,
				DE372B902AA30B7200564E40 /* Release */,
			);
			defaultConfigurationIsVisible = 0;
			defaultConfigurationName = Release;
		};
		DE372B912AA30B7200564E40 /* Build configuration list for PBXNativeTarget "Movie+RIBs" */ = {
			isa = XCConfigurationList;
			buildConfigurations = (
				DE372B922AA30B7200564E40 /* Debug */,
				DE372B932AA30B7200564E40 /* Release */,
			);
			defaultConfigurationIsVisible = 0;
			defaultConfigurationName = Release;
		};
/* End XCConfigurationList section */

/* Begin XCRemoteSwiftPackageReference section */
		DE372BA22AA30FA900564E40 /* XCRemoteSwiftPackageReference "ModernRIBs" */ = {
			isa = XCRemoteSwiftPackageReference;
			repositoryURL = "https://github.com/DevYeom/ModernRIBs";
			requirement = {
				kind = upToNextMajorVersion;
				minimumVersion = 1.0.0;
			};
		};
/* End XCRemoteSwiftPackageReference section */

/* Begin XCSwiftPackageProductDependency section */
		DE372BA32AA30FAA00564E40 /* ModernRIBs */ = {
			isa = XCSwiftPackageProductDependency;
			package = DE372BA22AA30FA900564E40 /* XCRemoteSwiftPackageReference "ModernRIBs" */;
			productName = ModernRIBs;
		};
/* End XCSwiftPackageProductDependency section */
	};
	rootObject = DE372B752AA30B7100564E40 /* Project object */;
}
